
Microsoft Visual Studio Solution File, Format Version 12.00
# Visual Studio Version 17
VisualStudioVersion = 17.2.32602.215
MinimumVisualStudioVersion = 10.0.40219.1
Project("{9A19103F-16F7-4668-BE54-9A1E7A4F7556}") = "EntitySystem.Client.Files", "EntitySystem.Client.Files\EntitySystem.Client.Files.csproj", "{F1888F75-B2DC-4239-87B9-CD6BAB9B8B45}"
EndProject
Project("{9A19103F-16F7-4668-BE54-9A1E7A4F7556}") = "EntitySystem.Server.Files", "EntitySystem.Server.Files\EntitySystem.Server.Files.csproj", "{A3EEFCFD-F200-4479-A9A0-0755E9154D21}"
EndProject
Project("{9A19103F-16F7-4668-BE54-9A1E7A4F7556}") = "EntitySystem.Shared.Files", "EntitySystem.Shared.Files\EntitySystem.Shared.Files.csproj", "{12654FC8-E6A7-402A-AFA1-39DDDCCC4AB7}"
EndProject
Global
	GlobalSection(SolutionConfigurationPlatforms) = preSolution
		Debug|Any CPU = Debug|Any CPU
		Release|Any CPU = Release|Any CPU
	EndGlobalSection
	GlobalSection(ProjectConfigurationPlatforms) = postSolution
		{F1888F75-B2DC-4239-87B9-CD6BAB9B8B45}.Debug|Any CPU.ActiveCfg = Debug|Any CPU
		{F1888F75-B2DC-4239-87B9-CD6BAB9B8B45}.Debug|Any CPU.Build.0 = Debug|Any CPU
		{F1888F75-B2DC-4239-87B9-CD6BAB9B8B45}.Release|Any CPU.ActiveCfg = Release|Any CPU
		{F1888F75-B2DC-4239-87B9-CD6BAB9B8B45}.Release|Any CPU.Build.0 = Release|Any CPU
		{A3EEFCFD-F200-4479-A9A0-0755E9154D21}.Debug|Any CPU.ActiveCfg = Debug|Any CPU
		{A3EEFCFD-F200-4479-A9A0-0755E9154D21}.Debug|Any CPU.Build.0 = Debug|Any CPU
		{A3EEFCFD-F200-4479-A9A0-0755E9154D21}.Release|Any CPU.ActiveCfg = Release|Any CPU
		{A3EEFCFD-F200-4479-A9A0-0755E9154D21}.Release|Any CPU.Build.0 = Release|Any CPU
		{12654FC8-E6A7-402A-AFA1-39DDDCCC4AB7}.Debug|Any CPU.ActiveCfg = Debug|Any CPU
		{12654FC8-E6A7-402A-AFA1-39DDDCCC4AB7}.Debug|Any CPU.Build.0 = Debug|Any CPU
		{12654FC8-E6A7-402A-AFA1-39DDDCCC4AB7}.Release|Any CPU.ActiveCfg = Release|Any CPU
		{12654FC8-E6A7-402A-AFA1-39DDDCCC4AB7}.Release|Any CPU.Build.0 = Release|Any CPU
	EndGlobalSection
	GlobalSection(SolutionProperties) = preSolution
		HideSolutionNode = FALSE
	EndGlobalSection
	GlobalSection(ExtensibilityGlobals) = postSolution
		SolutionGuid = {762FA123-FC9B-40C8-847D-A5CED78FDD24}
	EndGlobalSection
EndGlobal
